
Microsoft Visual Studio Solution File, Format Version 12.00
# Visual Studio Version 17
VisualStudioVersion = 17.2.32519.379
MinimumVisualStudioVersion = 10.0.40219.1
Project("{FAE04EC0-301F-11D3-BF4B-00C04F79EFBC}") = "Selenium_Web_Scraper_Example", "Selenium_Web_Scraper_Example\Selenium_Web_Scraper_Example.csproj", "{70446DDA-42A2-4633-BA82-387A44251CF5}"
EndProject
Global
	GlobalSection(SolutionConfigurationPlatforms) = preSolution
		Debug|Any CPU = Debug|Any CPU
		Release|Any CPU = Release|Any CPU
	EndGlobalSection
	GlobalSection(ProjectConfigurationPlatforms) = postSolution
		{70446DDA-42A2-4633-BA82-387A44251CF5}.Debug|Any CPU.ActiveCfg = Debug|Any CPU
		{70446DDA-42A2-4633-BA82-387A44251CF5}.Debug|Any CPU.Build.0 = Debug|Any CPU
		{70446DDA-42A2-4633-BA82-387A44251CF5}.Release|Any CPU.ActiveCfg = Release|Any CPU
		{70446DDA-42A2-4633-BA82-387A44251CF5}.Release|Any CPU.Build.0 = Release|Any CPU
	EndGlobalSection
	GlobalSection(SolutionProperties) = preSolution
		HideSolutionNode = FALSE
	EndGlobalSection
	GlobalSection(ExtensibilityGlobals) = postSolution
		SolutionGuid = {2C00D50E-F298-4DCF-88AA-A7A93D1CC552}
	EndGlobalSection
EndGlobal
